
Microsoft Visual Studio Solution File, Format Version 12.00
# Visual Studio Version 17
VisualStudioVersion = 17.10.35013.160
MinimumVisualStudioVersion = 10.0.40219.1
Project("{FAE04EC0-301F-11D3-BF4B-00C04F79EFBC}") = "csharp-coding-proficiency", "csharp-coding-proficiency.csproj", "{CBBFBC55-F4EF-4B50-B423-748064932817}"
EndProject
Project("{FAE04EC0-301F-11D3-BF4B-00C04F79EFBC}") = "csharp-coding-proficiency.Tests", "..\csharp-coding-proficiency.Tests\csharp-coding-proficiency.Tests.csproj", "{6AFFAD49-E449-4DDD-8D24-210654B4C748}"
EndProject
Global
	GlobalSection(SolutionConfigurationPlatforms) = preSolution
		Debug|Any CPU = Debug|Any CPU
		Release|Any CPU = Release|Any CPU
	EndGlobalSection
	GlobalSection(ProjectConfigurationPlatforms) = postSolution
		{CBBFBC55-F4EF-4B50-B423-748064932817}.Debug|Any CPU.ActiveCfg = Debug|Any CPU
		{CBBFBC55-F4EF-4B50-B423-748064932817}.Debug|Any CPU.Build.0 = Debug|Any CPU
		{CBBFBC55-F4EF-4B50-B423-748064932817}.Release|Any CPU.ActiveCfg = Release|Any CPU
		{CBBFBC55-F4EF-4B50-B423-748064932817}.Release|Any CPU.Build.0 = Release|Any CPU
		{6AFFAD49-E449-4DDD-8D24-210654B4C748}.Debug|Any CPU.ActiveCfg = Debug|Any CPU
		{6AFFAD49-E449-4DDD-8D24-210654B4C748}.Debug|Any CPU.Build.0 = Debug|Any CPU
		{6AFFAD49-E449-4DDD-8D24-210654B4C748}.Release|Any CPU.ActiveCfg = Release|Any CPU
		{6AFFAD49-E449-4DDD-8D24-210654B4C748}.Release|Any CPU.Build.0 = Release|Any CPU
	EndGlobalSection
	GlobalSection(SolutionProperties) = preSolution
		HideSolutionNode = FALSE
	EndGlobalSection
	GlobalSection(ExtensibilityGlobals) = postSolution
		SolutionGuid = {436DA621-0113-40AD-9B07-F6A41C5B3847}
	EndGlobalSection
EndGlobal
